# THIS IS AN AUTOGENERATED FILE. DO NOT EDIT THIS FILE DIRECTLY.
# yarn lockfile v1


bs-platform@2.2.2:
  version "2.2.2"
  resolved "https://registry.yarnpkg.com/bs-platform/-/bs-platform-2.2.2.tgz#95ff37719771bbf310e8376fedd1148865c0da19"

nprogress@0.2.0:
  version "0.2.0"
  resolved "https://registry.yarnpkg.com/nprogress/-/nprogress-0.2.0.tgz#cb8f34c53213d895723fcbab907e9422adbcafb1"
